// !$*UTF8*$!
{
	archiveVersion = 1;
	classes = {
	};
	objectVersion = 46;
	objects = {

/* Begin PBXBuildFile section */
		3AF2FCA81B412C9A006E3FF3 /* main.m in Sources */ = {isa = PBXBuildFile; fileRef = 3AF2FCA71B412C9A006E3FF3 /* main.m */; };
		3AF2FCAB1B412C9A006E3FF3 /* AppDelegate.m in Sources */ = {isa = PBXBuildFile; fileRef = 3AF2FCAA1B412C9A006E3FF3 /* AppDelegate.m */; };
		3AF2FCAE1B412C9A006E3FF3 /* ViewController.m in Sources */ = {isa = PBXBuildFile; fileRef = 3AF2FCAD1B412C9A006E3FF3 /* ViewController.m */; };
		3AF2FCB11B412C9B006E3FF3 /* Main.storyboard in Resources */ = {isa = PBXBuildFile; fileRef = 3AF2FCAF1B412C9B006E3FF3 /* Main.storyboard */; };
		3AF2FCB31B412C9B006E3FF3 /* Images.xcassets in Resources */ = {isa = PBXBuildFile; fileRef = 3AF2FCB21B412C9B006E3FF3 /* Images.xcassets */; };
		3AF2FCB61B412C9B006E3FF3 /* LaunchScreen.xib in Resources */ = {isa = PBXBuildFile; fileRef = 3AF2FCB41B412C9B006E3FF3 /* LaunchScreen.xib */; };
		3AF2FCC21B412C9B006E3FF3 /* EHNetWorkingTests.m in Sources */ = {isa = PBXBuildFile; fileRef = 3AF2FCC11B412C9B006E3FF3 /* EHNetWorkingTests.m */; };
/* End PBXBuildFile section */

/* Begin PBXContainerItemProxy section */
		3AF2FCBC1B412C9B006E3FF3 /* PBXContainerItemProxy */ = {
			isa = PBXContainerItemProxy;
			containerPortal = 3AF2FC9A1B412C9A006E3FF3 /* Project object */;
			proxyType = 1;
			remoteGlobalIDString = 3AF2FCA11B412C9A006E3FF3;
			remoteInfo = EHNetWorking;
		};
/* End PBXContainerItemProxy section */

/* Begin PBXFileReference section */
		3AF2FCA21B412C9A006E3FF3 /* EHNetWorking.app */ = {isa = PBXFileReference; explicitFileType = wrapper.application; includeInIndex = 0; path = EHNetWorking.app; sourceTree = BUILT_PRODUCTS_DIR; };
		3AF2FCA61B412C9A006E3FF3 /* Info.plist */ = {isa = PBXFileReference; lastKnownFileType = text.plist.xml; path = Info.plist; sourceTree = "<group>"; };
		3AF2FCA71B412C9A006E3FF3 /* main.m */ = {isa = PBXFileReference; lastKnownFileType = sourcecode.c.objc; path = main.m; sourceTree = "<group>"; };
		3AF2FCA91B412C9A006E3FF3 /* AppDelegate.h */ = {isa = PBXFileReference; lastKnownFileType = sourcecode.c.h; path = AppDelegate.h; sourceTree = "<group>"; };
		3AF2FCAA1B412C9A006E3FF3 /* AppDelegate.m */ = {isa = PBXFileReference; lastKnownFileType = sourcecode.c.objc; path = AppDelegate.m; sourceTree = "<group>"; };
		3AF2FCAC1B412C9A006E3FF3 /* ViewController.h */ = {isa = PBXFileReference; lastKnownFileType = sourcecode.c.h; path = ViewController.h; sourceTree = "<group>"; };
		3AF2FCAD1B412C9A006E3FF3 /* ViewController.m */ = {isa = PBXFileReference; lastKnownFileType = sourcecode.c.objc; path = ViewController.m; sourceTree = "<group>"; };
		3AF2FCB01B412C9B006E3FF3 /* Base */ = {isa = PBXFileReference; lastKnownFileType = file.storyboard; name = Base; path = Base.lproj/Main.storyboard; sourceTree = "<group>"; };
		3AF2FCB21B412C9B006E3FF3 /* Images.xcassets */ = {isa = PBXFileReference; lastKnownFileType = folder.assetcatalog; path = Images.xcassets; sourceTree = "<group>"; };
		3AF2FCB51B412C9B006E3FF3 /* Base */ = {isa = PBXFileReference; lastKnownFileType = file.xib; name = Base; path = Base.lproj/LaunchScreen.xib; sourceTree = "<group>"; };
		3AF2FCBB1B412C9B006E3FF3 /* EHNetWorkingTests.xctest */ = {isa = PBXFileReference; explicitFileType = wrapper.cfbundle; includeInIndex = 0; path = EHNetWorkingTests.xctest; sourceTree = BUILT_PRODUCTS_DIR; };
		3AF2FCC01B412C9B006E3FF3 /* Info.plist */ = {isa = PBXFileReference; lastKnownFileType = text.plist.xml; path = Info.plist; sourceTree = "<group>"; };
		3AF2FCC11B412C9B006E3FF3 /* EHNetWorkingTests.m */ = {isa = PBXFileReference; lastKnownFileType = sourcecode.c.objc; path = EHNetWorkingTests.m; sourceTree = "<group>"; };
/* End PBXFileReference section */

/* Begin PBXFrameworksBuildPhase section */
		3AF2FC9F1B412C9A006E3FF3 /* Frameworks */ = {
			isa = PBXFrameworksBuildPhase;
			buildActionMask = 2147483647;
			files = (
			);
			runOnlyForDeploymentPostprocessing = 0;
		};
		3AF2FCB81B412C9B006E3FF3 /* Frameworks */ = {
			isa = PBXFrameworksBuildPhase;
			buildActionMask = 2147483647;
			files = (
			);
			runOnlyForDeploymentPostprocessing = 0;
		};
/* End PBXFrameworksBuildPhase section */

/* Begin PBXGroup section */
		3AF2FC991B412C9A006E3FF3 = {
			isa = PBXGroup;
			children = (
				3AF2FCA41B412C9A006E3FF3 /* EHNetWorking */,
				3AF2FCBE1B412C9B006E3FF3 /* EHNetWorkingTests */,
				3AF2FCA31B412C9A006E3FF3 /* Products */,
			);
			sourceTree = "<group>";
		};
		3AF2FCA31B412C9A006E3FF3 /* Products */ = {
			isa = PBXGroup;
			children = (
				3AF2FCA21B412C9A006E3FF3 /* EHNetWorking.app */,
				3AF2FCBB1B412C9B006E3FF3 /* EHNetWorkingTests.xctest */,
			);
			name = Products;
			sourceTree = "<group>";
		};
		3AF2FCA41B412C9A006E3FF3 /* EHNetWorking */ = {
			isa = PBXGroup;
			children = (
				3AF2FCA91B412C9A006E3FF3 /* AppDelegate.h */,
				3AF2FCAA1B412C9A006E3FF3 /* AppDelegate.m */,
				3AF2FCAC1B412C9A006E3FF3 /* ViewController.h */,
				3AF2FCAD1B412C9A006E3FF3 /* ViewController.m */,
				3AF2FCAF1B412C9B006E3FF3 /* Main.storyboard */,
				3AF2FCB21B412C9B006E3FF3 /* Images.xcassets */,
				3AF2FCB41B412C9B006E3FF3 /* LaunchScreen.xib */,
				3AF2FCA51B412C9A006E3FF3 /* Supporting Files */,
			);
			path = EHNetWorking;
			sourceTree = "<group>";
		};
		3AF2FCA51B412C9A006E3FF3 /* Supporting Files */ = {
			isa = PBXGroup;
			children = (
				3AF2FCA61B412C9A006E3FF3 /* Info.plist */,
				3AF2FCA71B412C9A006E3FF3 /* main.m */,
			);
			name = "Supporting Files";
			sourceTree = "<group>";
		};
		3AF2FCBE1B412C9B006E3FF3 /* EHNetWorkingTests */ = {
			isa = PBXGroup;
			children = (
				3AF2FCC11B412C9B006E3FF3 /* EHNetWorkingTests.m */,
				3AF2FCBF1B412C9B006E3FF3 /* Supporting Files */,
			);
			path = EHNetWorkingTests;
			sourceTree = "<group>";
		};
		3AF2FCBF1B412C9B006E3FF3 /* Supporting Files */ = {
			isa = PBXGroup;
			children = (
				3AF2FCC01B412C9B006E3FF3 /* Info.plist */,
			);
			name = "Supporting Files";
			sourceTree = "<group>";
		};
/* End PBXGroup section */

/* Begin PBXNativeTarget section */
		3AF2FCA11B412C9A006E3FF3 /* EHNetWorking */ = {
			isa = PBXNativeTarget;
			buildConfigurationList = 3AF2FCC51B412C9B006E3FF3 /* Build configuration list for PBXNativeTarget "EHNetWorking" */;
			buildPhases = (
				3AF2FC9E1B412C9A006E3FF3 /* Sources */,
				3AF2FC9F1B412C9A006E3FF3 /* Frameworks */,
				3AF2FCA01B412C9A006E3FF3 /* Resources */,
			);
			buildRules = (
			);
			dependencies = (
			);
			name = EHNetWorking;
			productName = EHNetWorking;
			productReference = 3AF2FCA21B412C9A006E3FF3 /* EHNetWorking.app */;
			productType = "com.apple.product-type.application";
		};
		3AF2FCBA1B412C9B006E3FF3 /* EHNetWorkingTests */ = {
			isa = PBXNativeTarget;
			buildConfigurationList = 3AF2FCC81B412C9B006E3FF3 /* Build configuration list for PBXNativeTarget "EHNetWorkingTests" */;
			buildPhases = (
				3AF2FCB71B412C9B006E3FF3 /* Sources */,
				3AF2FCB81B412C9B006E3FF3 /* Frameworks */,
				3AF2FCB91B412C9B006E3FF3 /* Resources */,
			);
			buildRules = (
			);
			dependencies = (
				3AF2FCBD1B412C9B006E3FF3 /* PBXTargetDependency */,
			);
			name = EHNetWorkingTests;
			productName = EHNetWorkingTests;
			productReference = 3AF2FCBB1B412C9B006E3FF3 /* EHNetWorkingTests.xctest */;
			productType = "com.apple.product-type.bundle.unit-test";
		};
/* End PBXNativeTarget section */

/* Begin PBXProject section */
		3AF2FC9A1B412C9A006E3FF3 /* Project object */ = {
			isa = PBXProject;
			attributes = {
				LastUpgradeCheck = 0630;
				ORGANIZATIONNAME = howell;
				TargetAttributes = {
					3AF2FCA11B412C9A006E3FF3 = {
						CreatedOnToolsVersion = 6.3.2;
					};
					3AF2FCBA1B412C9B006E3FF3 = {
						CreatedOnToolsVersion = 6.3.2;
						TestTargetID = 3AF2FCA11B412C9A006E3FF3;
					};
				};
			};
			buildConfigurationList = 3AF2FC9D1B412C9A006E3FF3 /* Build configuration list for PBXProject "EHNetWorking" */;
			compatibilityVersion = "Xcode 3.2";
			developmentRegion = English;
			hasScannedForEncodings = 0;
			knownRegions = (
				en,
				Base,
			);
			mainGroup = 3AF2FC991B412C9A006E3FF3;
			productRefGroup = 3AF2FCA31B412C9A006E3FF3 /* Products */;
			projectDirPath = "";
			projectRoot = "";
			targets = (
				3AF2FCA11B412C9A006E3FF3 /* EHNetWorking */,
				3AF2FCBA1B412C9B006E3FF3 /* EHNetWorkingTests */,
			);
		};
/* End PBXProject section */

/* Begin PBXResourcesBuildPhase section */
		3AF2FCA01B412C9A006E3FF3 /* Resources */ = {
			isa = PBXResourcesBuildPhase;
			buildActionMask = 2147483647;
			files = (
				3AF2FCB11B412C9B006E3FF3 /* Main.storyboard in Resources */,
				3AF2FCB61B412C9B006E3FF3 /* LaunchScreen.xib in Resources */,
				3AF2FCB31B412C9B006E3FF3 /* Images.xcassets in Resources */,
			);
			runOnlyForDeploymentPostprocessing = 0;
		};
		3AF2FCB91B412C9B006E3FF3 /* Resources */ = {
			isa = PBXResourcesBuildPhase;
			buildActionMask = 2147483647;
			files = (
			);
			runOnlyForDeploymentPostprocessing = 0;
		};
/* End PBXResourcesBuildPhase section */

/* Begin PBXSourcesBuildPhase section */
		3AF2FC9E1B412C9A006E3FF3 /* Sources */ = {
			isa = PBXSourcesBuildPhase;
			buildActionMask = 2147483647;
			files = (
				3AF2FCAE1B412C9A006E3FF3 /* ViewController.m in Sources */,
				3AF2FCAB1B412C9A006E3FF3 /* AppDelegate.m in Sources */,
				3AF2FCA81B412C9A006E3FF3 /* main.m in Sources */,
			);
			runOnlyForDeploymentPostprocessing = 0;
		};
		3AF2FCB71B412C9B006E3FF3 /* Sources */ = {
			isa = PBXSourcesBuildPhase;
			buildActionMask = 2147483647;
			files = (
				3AF2FCC21B412C9B006E3FF3 /* EHNetWorkingTests.m in Sources */,
			);
			runOnlyForDeploymentPostprocessing = 0;
		};
/* End PBXSourcesBuildPhase section */

/* Begin PBXTargetDependency section */
		3AF2FCBD1B412C9B006E3FF3 /* PBXTargetDependency */ = {
			isa = PBXTargetDependency;
			target = 3AF2FCA11B412C9A006E3FF3 /* EHNetWorking */;
			targetProxy = 3AF2FCBC1B412C9B006E3FF3 /* PBXContainerItemProxy */;
		};
/* End PBXTargetDependency section */

/* Begin PBXVariantGroup section */
		3AF2FCAF1B412C9B006E3FF3 /* Main.storyboard */ = {
			isa = PBXVariantGroup;
			children = (
				3AF2FCB01B412C9B006E3FF3 /* Base */,
			);
			name = Main.storyboard;
			sourceTree = "<group>";
		};
		3AF2FCB41B412C9B006E3FF3 /* LaunchScreen.xib */ = {
			isa = PBXVariantGroup;
			children = (
				3AF2FCB51B412C9B006E3FF3 /* Base */,
			);
			name = LaunchScreen.xib;
			sourceTree = "<group>";
		};
/* End PBXVariantGroup section */

/* Begin XCBuildConfiguration section */
		3AF2FCC31B412C9B006E3FF3 /* Debug */ = {
			isa = XCBuildConfiguration;
			buildSettings = {
				ALWAYS_SEARCH_USER_PATHS = NO;
				CLANG_CXX_LANGUAGE_STANDARD = "gnu++0x";
				CLANG_CXX_LIBRARY = "libc++";
				CLANG_ENABLE_MODULES = YES;
				CLANG_ENABLE_OBJC_ARC = YES;
				CLANG_WARN_BOOL_CONVERSION = YES;
				CLANG_WARN_CONSTANT_CONVERSION = YES;
				CLANG_WARN_DIRECT_OBJC_ISA_USAGE = YES_ERROR;
				CLANG_WARN_EMPTY_BODY = YES;
				CLANG_WARN_ENUM_CONVERSION = YES;
				CLANG_WARN_INT_CONVERSION = YES;
				CLANG_WARN_OBJC_ROOT_CLASS = YES_ERROR;
				CLANG_WARN_UNREACHABLE_CODE = YES;
				CLANG_WARN__DUPLICATE_METHOD_MATCH = YES;
				"CODE_SIGN_IDENTITY[sdk=iphoneos*]" = "iPhone Developer";
				COPY_PHASE_STRIP = NO;
				DEBUG_INFORMATION_FORMAT = "dwarf-with-dsym";
				ENABLE_STRICT_OBJC_MSGSEND = YES;
				GCC_C_LANGUAGE_STANDARD = gnu99;
				GCC_DYNAMIC_NO_PIC = NO;
				GCC_NO_COMMON_BLOCKS = YES;
				GCC_OPTIMIZATION_LEVEL = 0;
				GCC_PREPROCESSOR_DEFINITIONS = (
					"DEBUG=1",
					"$(inherited)",
				);
				GCC_SYMBOLS_PRIVATE_EXTERN = NO;
				GCC_WARN_64_TO_32_BIT_CONVERSION = YES;
				GCC_WARN_ABOUT_RETURN_TYPE = YES_ERROR;
				GCC_WARN_UNDECLARED_SELECTOR = YES;
				GCC_WARN_UNINITIALIZED_AUTOS = YES_AGGRESSIVE;
				GCC_WARN_UNUSED_FUNCTION = YES;
				GCC_WARN_UNUSED_VARIABLE = YES;
				IPHONEOS_DEPLOYMENT_TARGET = 8.3;
				MTL_ENABLE_DEBUG_INFO = YES;
				ONLY_ACTIVE_ARCH = YES;
				SDKROOT = iphoneos;
				TARGETED_DEVICE_FAMILY = "1,2";
			};
			name = Debug;
		};
		3AF2FCC41B412C9B006E3FF3 /* Release */ = {
			isa = XCBuildConfiguration;
			buildSettings = {
				ALWAYS_SEARCH_USER_PATHS = NO;
				CLANG_CXX_LANGUAGE_STANDARD = "gnu++0x";
				CLANG_CXX_LIBRARY = "libc++";
				CLANG_ENABLE_MODULES = YES;
				CLANG_ENABLE_OBJC_ARC = YES;
				CLANG_WARN_BOOL_CONVERSION = YES;
				CLANG_WARN_CONSTANT_CONVERSION = YES;
				CLANG_WARN_DIRECT_OBJC_ISA_USAGE = YES_ERROR;
				CLANG_WARN_EMPTY_BODY = YES;
				CLANG_WARN_ENUM_CONVERSION = YES;
				CLANG_WARN_INT_CONVERSION = YES;
				CLANG_WARN_OBJC_ROOT_CLASS = YES_ERROR;
				CLANG_WARN_UNREACHABLE_CODE = YES;
				CLANG_WARN__DUPLICATE_METHOD_MATCH = YES;
				"CODE_SIGN_IDENTITY[sdk=iphoneos*]" = "iPhone Developer";
				COPY_PHASE_STRIP = NO;
				DEBUG_INFORMATION_FORMAT = "dwarf-with-dsym";
				ENABLE_NS_ASSERTIONS = NO;
				ENABLE_STRICT_OBJC_MSGSEND = YES;
				GCC_C_LANGUAGE_STANDARD = gnu99;
				GCC_NO_COMMON_BLOCKS = YES;
				GCC_WARN_64_TO_32_BIT_CONVERSION = YES;
				GCC_WARN_ABOUT_RETURN_TYPE = YES_ERROR;
				GCC_WARN_UNDECLARED_SELECTOR = YES;
				GCC_WARN_UNINITIALIZED_AUTOS = YES_AGGRESSIVE;
				GCC_WARN_UNUSED_FUNCTION = YES;
				GCC_WARN_UNUSED_VARIABLE = YES;
				IPHONEOS_DEPLOYMENT_TARGET = 8.3;
				MTL_ENABLE_DEBUG_INFO = NO;
				SDKROOT = iphoneos;
				TARGETED_DEVICE_FAMILY = "1,2";
				VALIDATE_PRODUCT = YES;
			};
			name = Release;
		};
		3AF2FCC61B412C9B006E3FF3 /* Debug */ = {
			isa = XCBuildConfiguration;
			buildSettings = {
				ASSETCATALOG_COMPILER_APPICON_NAME = AppIcon;
				INFOPLIST_FILE = EHNetWorking/Info.plist;
				LD_RUNPATH_SEARCH_PATHS = "$(inherited) @executable_path/Frameworks";
				PRODUCT_NAME = "$(TARGET_NAME)";
			};
			name = Debug;
		};
		3AF2FCC71B412C9B006E3FF3 /* Release */ = {
			isa = XCBuildConfiguration;
			buildSettings = {
				ASSETCATALOG_COMPILER_APPICON_NAME = AppIcon;
				INFOPLIST_FILE = EHNetWorking/Info.plist;
				LD_RUNPATH_SEARCH_PATHS = "$(inherited) @executable_path/Frameworks";
				PRODUCT_NAME = "$(TARGET_NAME)";
			};
			name = Release;
		};
		3AF2FCC91B412C9B006E3FF3 /* Debug */ = {
			isa = XCBuildConfiguration;
			buildSettings = {
				BUNDLE_LOADER = "$(TEST_HOST)";
				FRAMEWORK_SEARCH_PATHS = (
					"$(SDKROOT)/Developer/Library/Frameworks",
					"$(inherited)",
				);
				GCC_PREPROCESSOR_DEFINITIONS = (
					"DEBUG=1",
					"$(inherited)",
				);
				INFOPLIST_FILE = EHNetWorkingTests/Info.plist;
				LD_RUNPATH_SEARCH_PATHS = "$(inherited) @executable_path/Frameworks @loader_path/Frameworks";
				PRODUCT_NAME = "$(TARGET_NAME)";
				TEST_HOST = "$(BUILT_PRODUCTS_DIR)/EHNetWorking.app/EHNetWorking";
			};
			name = Debug;
		};
		3AF2FCCA1B412C9B006E3FF3 /* Release */ = {
			isa = XCBuildConfiguration;
			buildSettings = {
				BUNDLE_LOADER = "$(TEST_HOST)";
				FRAMEWORK_SEARCH_PATHS = (
					"$(SDKROOT)/Developer/Library/Frameworks",
					"$(inherited)",
				);
				INFOPLIST_FILE = EHNetWorkingTests/Info.plist;
				LD_RUNPATH_SEARCH_PATHS = "$(inherited) @executable_path/Frameworks @loader_path/Frameworks";
				PRODUCT_NAME = "$(TARGET_NAME)";
				TEST_HOST = "$(BUILT_PRODUCTS_DIR)/EHNetWorking.app/EHNetWorking";
			};
			name = Release;
		};
/* End XCBuildConfiguration section */

/* Begin XCConfigurationList section */
		3AF2FC9D1B412C9A006E3FF3 /* Build configuration list for PBXProject "EHNetWorking" */ = {
			isa = XCConfigurationList;
			buildConfigurations = (
				3AF2FCC31B412C9B006E3FF3 /* Debug */,
				3AF2FCC41B412C9B006E3FF3 /* Release */,
			);
			defaultConfigurationIsVisible = 0;
			defaultConfigurationName = Release;
		};
		3AF2FCC51B412C9B006E3FF3 /* Build configuration list for PBXNativeTarget "EHNetWorking" */ = {
			isa = XCConfigurationList;
			buildConfigurations = (
				3AF2FCC61B412C9B006E3FF3 /* Debug */,
				3AF2FCC71B412C9B006E3FF3 /* Release */,
			);
			defaultConfigurationIsVisible = 0;
		};
		3AF2FCC81B412C9B006E3FF3 /* Build configuration list for PBXNativeTarget "EHNetWorkingTests" */ = {
			isa = XCConfigurationList;
			buildConfigurations = (
				3AF2FCC91B412C9B006E3FF3 /* Debug */,
				3AF2FCCA1B412C9B006E3FF3 /* Release */,
			);
			defaultConfigurationIsVisible = 0;
		};
/* End XCConfigurationList section */
	};
	rootObject = 3AF2FC9A1B412C9A006E3FF3 /* Project object */;
}
